{
  "lockfileVersion": 1,
  "configVersion": 0,
  "workspaces": {
    "": {
      "name": "zenox-bot",
      "dependencies": {
        "@napi-rs/canvas": "^1.0.0",
        "@supabase/supabase-js": "^2.108.2",
        "discord.js": "^14.16.3",
        "dotenv": "^16.4.5",
        "mongoose": "^8.8.1",
        "ms": "^2.1.3",
        "pino": "^9.5.0",
        "pino-pretty": "^11.3.0",
        "ws": "^8.21.0",
        "zod": "^3.23.8",
      },
      "devDependencies": {
        "@types/ms": "^0.7.34",
        "@types/node": "^22.9.0",
        "@types/ws": "^8.18.1",
        "tsx": "^4.19.2",
        "typescript": "^5.6.3",
      },
    },
  },
  "packages": {
    "@discordjs/builders": ["@discordjs/builders@1.14.1", "https://europe-west4-npm.pkg.dev/lovable-core-prod/sandbox-npm-cache/@discordjs/builders/-/builders-1.14.1.tgz", { "dependencies": { "@discordjs/formatters": "^0.6.2", "@discordjs/util": "^1.2.0", "@sapphire/shapeshift": "^4.0.0", "discord-api-types": "^0.38.40", "fast-deep-equal": "^3.1.3", "ts-mixer": "^6.0.4", "tslib": "^2.6.3" } }, "sha512-gSKkhXLqs96TCzk66VZuHHl8z2bQMJFGwrXC0f33ngK+FLNau4hU1PYny3DNJfNdSH+gVMzE85/d5FQ2BpcNwQ=="],

    "@discordjs/collection": ["@discordjs/collection@1.5.3", "https://europe-west4-npm.pkg.dev/lovable-core-prod/sandbox-npm-cache/@discordjs/collection/-/collection-1.5.3.tgz", {}, "sha512-SVb428OMd3WO1paV3rm6tSjM4wC+Kecaa1EUGX7vc6/fddvw/6lg90z4QtCqm21zvVe92vMMDt9+DkIvjXImQQ=="],

    "@discordjs/formatters": ["@discordjs/formatters@0.6.2", "https://europe-west4-npm.pkg.dev/lovable-core-prod/sandbox-npm-cache/@discordjs/formatters/-/formatters-0.6.2.tgz", { "dependencies": { "discord-api-types": "^0.38.33" } }, "sha512-y4UPwWhH6vChKRkGdMB4odasUbHOUwy7KL+OVwF86PvT6QVOwElx+TiI1/6kcmcEe+g5YRXJFiXSXUdabqZOvQ=="],

    "@discordjs/rest": ["@discordjs/rest@2.6.1", "https://europe-west4-npm.pkg.dev/lovable-core-prod/sandbox-npm-cache/@discordjs/rest/-/rest-2.6.1.tgz", { "dependencies": { "@discordjs/collection": "^2.1.1", "@discordjs/util": "^1.2.0", "@sapphire/async-queue": "^1.5.3", "@sapphire/snowflake": "^3.5.5", "@vladfrangu/async_event_emitter": "^2.4.6", "discord-api-types": "^0.38.40", "magic-bytes.js": "^1.13.0", "tslib": "^2.6.3", "undici": "6.24.1" } }, "sha512-wwQdgjeaoYFiaG+atbqx6aJDpqW7JHAo0HrQkBTbYzM3/PJ3GweQIpgElNcGZ26DCUOXMyawYd0YF7vtr+fZXg=="],

    "@discordjs/util": ["@discordjs/util@1.2.0", "https://europe-west4-npm.pkg.dev/lovable-core-prod/sandbox-npm-cache/@discordjs/util/-/util-1.2.0.tgz", { "dependencies": { "discord-api-types": "^0.38.33" } }, "sha512-3LKP7F2+atl9vJFhaBjn4nOaSWahZ/yWjOvA4e5pnXkt2qyXRCHLxoBQy81GFtLGCq7K9lPm9R517M1U+/90Qg=="],

    "@discordjs/ws": ["@discordjs/ws@1.2.3", "https://europe-west4-npm.pkg.dev/lovable-core-prod/sandbox-npm-cache/@discordjs/ws/-/ws-1.2.3.tgz", { "dependencies": { "@discordjs/collection": "^2.1.0", "@discordjs/rest": "^2.5.1", "@discordjs/util": "^1.1.0", "@sapphire/async-queue": "^1.5.2", "@types/ws": "^8.5.10", "@vladfrangu/async_event_emitter": "^2.2.4", "discord-api-types": "^0.38.1", "tslib": "^2.6.2", "ws": "^8.17.0" } }, "sha512-wPlQDxEmlDg5IxhJPuxXr3Vy9AjYq5xCvFWGJyD7w7Np8ZGu+Mc+97LCoEc/+AYCo2IDpKioiH0/c/mj5ZR9Uw=="],

    "@esbuild/aix-ppc64": ["@esbuild/aix-ppc64@0.28.1", "https://europe-west4-npm.pkg.dev/lovable-core-prod/sandbox-npm-cache/@esbuild/aix-ppc64/-/aix-ppc64-0.28.1.tgz", { "os": "aix", "cpu": "ppc64" }, "sha512-Svl7tq8k/08+p6CXPpRjQ1fKX+1odH/BQbb48fV6fj3CWHhsoIOoY87w1oHXm0qEpkIK3ZfVgp0hed3XBXzXMQ=="],

    "@esbuild/android-arm": ["@esbuild/android-arm@0.28.1", "https://europe-west4-npm.pkg.dev/lovable-core-prod/sandbox-npm-cache/@esbuild/android-arm/-/android-arm-0.28.1.tgz", { "os": "android", "cpu": "arm" }, "sha512-0k2F129Xdio1TdJfzJ8sy1Q47vUD2NnwdhiAf7drUN1EBTfPf4hsFCtmMgu/6m8JSzsBrlmVjudMBQqOfG8usQ=="],

    "@esbuild/android-arm64": ["@esbuild/android-arm64@0.28.1", "https://europe-west4-npm.pkg.dev/lovable-core-prod/sandbox-npm-cache/@esbuild/android-arm64/-/android-arm64-0.28.1.tgz", { "os": "android", "cpu": "arm64" }, "sha512-34EGEbCIAgosYz6goLcopX6Mo7NyGv9tfwEM2/7Ce2VcVRk568iSvniGWcUXIy7wEDR1wzolcxcriFVrWYcwBg=="],

    "@esbuild/android-x64": ["@esbuild/android-x64@0.28.1", "https://europe-west4-npm.pkg.dev/lovable-core-prod/sandbox-npm-cache/@esbuild/android-x64/-/android-x64-0.28.1.tgz", { "os": "android", "cpu": "x64" }, "sha512-dbwY7ltSMDWsRatcRpCnES4F+im88OCUgGZjy52shC7GqHRE/cYlxNbB4Z4UpJswpcc4Qxd2oE/ufM0p61IKng=="],

    "@esbuild/darwin-arm64": ["@esbuild/darwin-arm64@0.28.1", "https://europe-west4-npm.pkg.dev/lovable-core-prod/sandbox-npm-cache/@esbuild/darwin-arm64/-/darwin-arm64-0.28.1.tgz", { "os": "darwin", "cpu": "arm64" }, "sha512-TZbWkQY7kvTAXbXUT7uVACR5cMHsDiSz9z7ZKAX/RTq/WJEk3QyRr0wZpNhBDX+/0CtdqUIJlOiodQcta6tY3Q=="],

    "@esbuild/darwin-x64": ["@esbuild/darwin-x64@0.28.1", "https://europe-west4-npm.pkg.dev/lovable-core-prod/sandbox-npm-cache/@esbuild/darwin-x64/-/darwin-x64-0.28.1.tgz", { "os": "darwin", "cpu": "x64" }, "sha512-zfdzgK9ACBNZLI/CyHTOx81SyNbM6YXn7rxSgX97VjyiPl9W1i4Ka4fgKECEoFCKGpvBj5qArWIGgQjOwkgskQ=="],

    "@esbuild/freebsd-arm64": ["@esbuild/freebsd-arm64@0.28.1", "https://europe-west4-npm.pkg.dev/lovable-core-prod/sandbox-npm-cache/@esbuild/freebsd-arm64/-/freebsd-arm64-0.28.1.tgz", { "os": "freebsd", "cpu": "arm64" }, "sha512-wG2EA8ENdEI0qhkSZMjfqrdY+ziCYCPMmtZjjIwOmXFjmyzEHn+UUxk5of+SYsjtfs3VpnlC7QLzSI5hY/rOAw=="],

    "@esbuild/freebsd-x64": ["@esbuild/freebsd-x64@0.28.1", "https://europe-west4-npm.pkg.dev/lovable-core-prod/sandbox-npm-cache/@esbuild/freebsd-x64/-/freebsd-x64-0.28.1.tgz", { "os": "freebsd", "cpu": "x64" }, "sha512-i7dZ9vQgnvSCzi/rYCXNgtF/U+eKZNJBzu3eTQbRgHnM7tNSizLOkRFAl3qzVc/Op/u5YkHHa4pf/3DOYHthLQ=="],

    "@esbuild/linux-arm": ["@esbuild/linux-arm@0.28.1", "https://europe-west4-npm.pkg.dev/lovable-core-prod/sandbox-npm-cache/@esbuild/linux-arm/-/linux-arm-0.28.1.tgz", { "os": "linux", "cpu": "arm" }, "sha512-qVXBOHQS+d5Y722GwJzJUtOLlX7km3CraOaGormF1pDtPd2C/l1SHRPgjLunLGe51Sh5YYWKMFDyV4SxgMQYTQ=="],

    "@esbuild/linux-arm64": ["@esbuild/linux-arm64@0.28.1", "https://europe-west4-npm.pkg.dev/lovable-core-prod/sandbox-npm-cache/@esbuild/linux-arm64/-/linux-arm64-0.28.1.tgz", { "os": "linux", "cpu": "arm64" }, "sha512-yHs+0uc8+nvEAfAfxrWQKK5peSNzBc4PegcMO0EJ2hT71uA7vB8Ihg2e77R2P7SG5uYjPbHlLLmve4LLLRCf0g=="],

    "@esbuild/linux-ia32": ["@esbuild/linux-ia32@0.28.1", "https://europe-west4-npm.pkg.dev/lovable-core-prod/sandbox-npm-cache/@esbuild/linux-ia32/-/linux-ia32-0.28.1.tgz", { "os": "linux", "cpu": "ia32" }, "sha512-d1z4ZuP0ajrfz/FhGT4vv278rX8KnPPJx8i5+AtK7TYbx9Le9F1hyzurZpkEyjkGa9dUGhQow4C1NmeGvqxN2w=="],

    "@esbuild/linux-loong64": ["@esbuild/linux-loong64@0.28.1", "https://europe-west4-npm.pkg.dev/lovable-core-prod/sandbox-npm-cache/@esbuild/linux-loong64/-/linux-loong64-0.28.1.tgz", { "os": "linux", "cpu": "none" }, "sha512-M5sRjUVZrkm1OAPR3dlOYzNmN+loZKGVi1VUQGrwuqLcbR6qeAz+famMhjASeH3YVKvZz+zT1jlh/keC3Rj/lg=="],

    "@esbuild/linux-mips64el": ["@esbuild/linux-mips64el@0.28.1", "https://europe-west4-npm.pkg.dev/lovable-core-prod/sandbox-npm-cache/@esbuild/linux-mips64el/-/linux-mips64el-0.28.1.tgz", { "os": "linux", "cpu": "none" }, "sha512-mRObBZeHh2OxcBFPWE/FjylkRgZdYuiTR3vaTozquCGOH14iP9oN4x4Ge81CoIDYQrXmIxpFumJBu5MtZpnQJQ=="],

    "@esbuild/linux-ppc64": ["@esbuild/linux-ppc64@0.28.1", "https://europe-west4-npm.pkg.dev/lovable-core-prod/sandbox-npm-cache/@esbuild/linux-ppc64/-/linux-ppc64-0.28.1.tgz", { "os": "linux", "cpu": "ppc64" }, "sha512-slScBsMAb3GFDcdrCgLwZtPYRoH2H/youv10QiZyRjmsP48fznoveWytSgCI/R0ZcUgpc0ZhIUEx6LHts8yrfQ=="],

    "@esbuild/linux-riscv64": ["@esbuild/linux-riscv64@0.28.1", "https://europe-west4-npm.pkg.dev/lovable-core-prod/sandbox-npm-cache/@esbuild/linux-riscv64/-/linux-riscv64-0.28.1.tgz", { "os": "linux", "cpu": "none" }, "sha512-kw0owk1o0GFETUJyW0jc0G4Yzs0BHZn0JDZ8JRT088vjJYX777BAs1fDGxAC+q831qOs2DTC96mNsG2opdfyyQ=="],

    "@esbuild/linux-s390x": ["@esbuild/linux-s390x@0.28.1", "https://europe-west4-npm.pkg.dev/lovable-core-prod/sandbox-npm-cache/@esbuild/linux-s390x/-/linux-s390x-0.28.1.tgz", { "os": "linux", "cpu": "s390x" }, "sha512-/lAIjX8aYFRByhh6L5rYtPEDRqa9de/4V/juOXcta5frjvzXO4/sqEtyytse0g3zZFuWu5cDN0MkLz2qRDD2Ag=="],

    "@esbuild/linux-x64": ["@esbuild/linux-x64@0.28.1", "https://europe-west4-npm.pkg.dev/lovable-core-prod/sandbox-npm-cache/@esbuild/linux-x64/-/linux-x64-0.28.1.tgz", { "os": "linux", "cpu": "x64" }, "sha512-u/anNYF2mmVOEDwLtnQ1wOr3EZ9sTNGLWrsYGYwHWzGA3Si84IOkHXlbWTD1NB+9/1lcnweYKO54uhxZydNzfA=="],

    "@esbuild/netbsd-arm64": ["@esbuild/netbsd-arm64@0.28.1", "https://europe-west4-npm.pkg.dev/lovable-core-prod/sandbox-npm-cache/@esbuild/netbsd-arm64/-/netbsd-arm64-0.28.1.tgz", { "os": "none", "cpu": "arm64" }, "sha512-oks0DYbLwWMmaakTsCb+zL4E+aHRVLom9IJZOAthMQEPiQmydXHkziYEsGYRx0uNV/IjEKGAV941JzH02pflqw=="],

    "@esbuild/netbsd-x64": ["@esbuild/netbsd-x64@0.28.1", "https://europe-west4-npm.pkg.dev/lovable-core-prod/sandbox-npm-cache/@esbuild/netbsd-x64/-/netbsd-x64-0.28.1.tgz", { "os": "none", "cpu": "x64" }, "sha512-aeL6lAnN89Hz43Mlh1G8ARasbuoYvSITDEx0tHh5b7jJnHcssqgjy9Yx430GDpmCa6OyrKoS0aNRjKundRizGg=="],

    "@esbuild/openbsd-arm64": ["@esbuild/openbsd-arm64@0.28.1", "https://europe-west4-npm.pkg.dev/lovable-core-prod/sandbox-npm-cache/@esbuild/openbsd-arm64/-/openbsd-arm64-0.28.1.tgz", { "os": "openbsd", "cpu": "arm64" }, "sha512-MEFJe5C3R8pwXdZ5Y21oo6m7ePiS0d9pWucn99O/wvyJZChoIQKrQDxKrGeW8F5+T0okTHesAmDeiHDTIq0V/Q=="],

    "@esbuild/openbsd-x64": ["@esbuild/openbsd-x64@0.28.1", "https://europe-west4-npm.pkg.dev/lovable-core-prod/sandbox-npm-cache/@esbuild/openbsd-x64/-/openbsd-x64-0.28.1.tgz", { "os": "openbsd", "cpu": "x64" }, "sha512-i/ZLIOafE0Z8cI/XANJAixoJL/uRAoS2xOA3rb0xN+KK0K177cMAsQYkzHtBrtMXAKuAc7HGgcWiZ/sRC1Nxgw=="],

    "@esbuild/openharmony-arm64": ["@esbuild/openharmony-arm64@0.28.1", "https://europe-west4-npm.pkg.dev/lovable-core-prod/sandbox-npm-cache/@esbuild/openharmony-arm64/-/openharmony-arm64-0.28.1.tgz", { "os": "none", "cpu": "arm64" }, "sha512-ge+Z7EXFNt2BO1oAMsVpiQ8EwndV9i1xXerAeTIK7AtPs3bKFXQM7nlRxDSIUIMeueR1CNXxqztLzdNeReKBJg=="],

    "@esbuild/sunos-x64": ["@esbuild/sunos-x64@0.28.1", "https://europe-west4-npm.pkg.dev/lovable-core-prod/sandbox-npm-cache/@esbuild/sunos-x64/-/sunos-x64-0.28.1.tgz", { "os": "sunos", "cpu": "x64" }, "sha512-BEjgtECkL3vY+SaSQ6nzVfiALUeFxpawyp8Jmf5PtYhf1Ug40N1h/hxlhts+f1FvSvarEigdxS3BlSMI2PJLcQ=="],

    "@esbuild/win32-arm64": ["@esbuild/win32-arm64@0.28.1", "https://europe-west4-npm.pkg.dev/lovable-core-prod/sandbox-npm-cache/@esbuild/win32-arm64/-/win32-arm64-0.28.1.tgz", { "os": "win32", "cpu": "arm64" }, "sha512-lCv9eK/H6ZJWbE7bh2nw54CZ9M2nupBxJcTsdk/QQnWkdSjKGuxmmH8/GWrlT1eMmZfn4dGcCjRte397WqfQXA=="],

    "@esbuild/win32-ia32": ["@esbuild/win32-ia32@0.28.1", "https://europe-west4-npm.pkg.dev/lovable-core-prod/sandbox-npm-cache/@esbuild/win32-ia32/-/win32-ia32-0.28.1.tgz", { "os": "win32", "cpu": "ia32" }, "sha512-zvb/mB2bSCoJOpoCBgYKKpX6YM6mJBlBUVUtVj41DlZJVEB6/0CKlRYxP5wWl1C1ILiCoAU5wZZ4q1P3qeS6Eg=="],

    "@esbuild/win32-x64": ["@esbuild/win32-x64@0.28.1", "https://europe-west4-npm.pkg.dev/lovable-core-prod/sandbox-npm-cache/@esbuild/win32-x64/-/win32-x64-0.28.1.tgz", { "os": "win32", "cpu": "x64" }, "sha512-bm4Mowrv+GXMlpWX++EcXw/iLyd1o3+bJkC2DkWXYVvgZCqD/bSj9ctZeAMC3cIxgjRVR2Dufaiu4YPxr5gW1A=="],

    "@mongodb-js/saslprep": ["@mongodb-js/saslprep@1.4.11", "https://europe-west4-npm.pkg.dev/lovable-core-prod/sandbox-npm-cache/@mongodb-js/saslprep/-/saslprep-1.4.11.tgz", { "dependencies": { "sparse-bitfield": "^3.0.3" } }, "sha512-o9rAHc0IpIjuPSxRutWpE1F62x7n+4mVS4rCNHkzhIUMQcc18bb6xEq5wd2NdN0WjepIyXIppRshYI2kQDOZVA=="],

    "@napi-rs/canvas": ["@napi-rs/canvas@1.0.0", "https://europe-west4-npm.pkg.dev/lovable-core-prod/sandbox-npm-cache/@napi-rs/canvas/-/canvas-1.0.0.tgz", { "optionalDependencies": { "@napi-rs/canvas-android-arm64": "1.0.0", "@napi-rs/canvas-darwin-arm64": "1.0.0", "@napi-rs/canvas-darwin-x64": "1.0.0", "@napi-rs/canvas-linux-arm-gnueabihf": "1.0.0", "@napi-rs/canvas-linux-arm64-gnu": "1.0.0", "@napi-rs/canvas-linux-arm64-musl": "1.0.0", "@napi-rs/canvas-linux-riscv64-gnu": "1.0.0", "@napi-rs/canvas-linux-x64-gnu": "1.0.0", "@napi-rs/canvas-linux-x64-musl": "1.0.0", "@napi-rs/canvas-win32-arm64-msvc": "1.0.0", "@napi-rs/canvas-win32-x64-msvc": "1.0.0" } }, "sha512-Jqxcy1XOIqj+lH9sl1GT+il6GR3uQv13vI2mrwubP3uT8Olak2ClDrK2RnxlQKjwv8BRr4b3ug0YR7c6hBX8wg=="],

    "@napi-rs/canvas-android-arm64": ["@napi-rs/canvas-android-arm64@1.0.0", "https://europe-west4-npm.pkg.dev/lovable-core-prod/sandbox-npm-cache/@napi-rs/canvas-android-arm64/-/canvas-android-arm64-1.0.0.tgz", { "os": "android", "cpu": "arm64" }, "sha512-3hNKJObUK7JsCF9aJlVCs1J0/KE/gGfZNeK8MO1ge6bB3aicr5walGme9t9No1f/oyk9GgvdAT/rjSdsx3gbIw=="],

    "@napi-rs/canvas-darwin-arm64": ["@napi-rs/canvas-darwin-arm64@1.0.0", "https://europe-west4-npm.pkg.dev/lovable-core-prod/sandbox-npm-cache/@napi-rs/canvas-darwin-arm64/-/canvas-darwin-arm64-1.0.0.tgz", { "os": "darwin", "cpu": "arm64" }, "sha512-ZIja19/BiGz2puhki+WUYSRriwFeFJ8Mi9eK3hZdSS85w4Y60cuEAJVhMCfKwswQkKkUtrnzdKMBuO7TupvexA=="],

    "@napi-rs/canvas-darwin-x64": ["@napi-rs/canvas-darwin-x64@1.0.0", "https://europe-west4-npm.pkg.dev/lovable-core-prod/sandbox-npm-cache/@napi-rs/canvas-darwin-x64/-/canvas-darwin-x64-1.0.0.tgz", { "os": "darwin", "cpu": "x64" }, "sha512-hImggWc82jqZVpEsFR9S7PE9OQYjq/H/D7vwCGB6X1jRH+UVBP1+1niJTPBOat1B154T6GKK7/kcFtoWgjgFzQ=="],

    "@napi-rs/canvas-linux-arm-gnueabihf": ["@napi-rs/canvas-linux-arm-gnueabihf@1.0.0", "https://europe-west4-npm.pkg.dev/lovable-core-prod/sandbox-npm-cache/@napi-rs/canvas-linux-arm-gnueabihf/-/canvas-linux-arm-gnueabihf-1.0.0.tgz", { "os": "linux", "cpu": "arm" }, "sha512-hlJRy6d+kWLKVOG/+1rEvNQVURZ0DxxRPJsLmEWwhwiXZUJc0BF5o9esALHSEP4CoJK4wChRtj3hnyBgVx2oWA=="],

    "@napi-rs/canvas-linux-arm64-gnu": ["@napi-rs/canvas-linux-arm64-gnu@1.0.0", "https://europe-west4-npm.pkg.dev/lovable-core-prod/sandbox-npm-cache/@napi-rs/canvas-linux-arm64-gnu/-/canvas-linux-arm64-gnu-1.0.0.tgz", { "os": "linux", "cpu": "arm64" }, "sha512-5Hru4T3RXkosRQafcjelv7AUzw9mXqmGYsxnzeDDOWveFCJyEPMSJltvGCM+jfH98seOCbfwm9KyFg6Jm5FhAA=="],

    "@napi-rs/canvas-linux-arm64-musl": ["@napi-rs/canvas-linux-arm64-musl@1.0.0", "https://europe-west4-npm.pkg.dev/lovable-core-prod/sandbox-npm-cache/@napi-rs/canvas-linux-arm64-musl/-/canvas-linux-arm64-musl-1.0.0.tgz", { "os": "linux", "cpu": "arm64" }, "sha512-LTUl9jS8WsLSUGaxQZKQkxfluOJRpgvBuxxdM4pYcjib+di8AU4OzQc6+L6SzGMLcKc9H0RAjojRatBhTMqYdg=="],

    "@napi-rs/canvas-linux-riscv64-gnu": ["@napi-rs/canvas-linux-riscv64-gnu@1.0.0", "https://europe-west4-npm.pkg.dev/lovable-core-prod/sandbox-npm-cache/@napi-rs/canvas-linux-riscv64-gnu/-/canvas-linux-riscv64-gnu-1.0.0.tgz", { "os": "linux", "cpu": "none" }, "sha512-Iz931SAZf+WVDzpjk52Q3ffW3zw0YflFwEZMgs036Wfu1kX/LrwT9wGjsuSqyduqefUkl91/vTdAjn8hQu5ezA=="],

    "@napi-rs/canvas-linux-x64-gnu": ["@napi-rs/canvas-linux-x64-gnu@1.0.0", "https://europe-west4-npm.pkg.dev/lovable-core-prod/sandbox-npm-cache/@napi-rs/canvas-linux-x64-gnu/-/canvas-linux-x64-gnu-1.0.0.tgz", { "os": "linux", "cpu": "x64" }, "sha512-pFEQ5eFK4JusgN1K6KkO9DKP/Hi1WMJOkF8Ch03/khTc4bFbCKkCCsJG4YcOMOW9bI4XbT2/eMAWxhO0xaWgPA=="],

    "@napi-rs/canvas-linux-x64-musl": ["@napi-rs/canvas-linux-x64-musl@1.0.0", "https://europe-west4-npm.pkg.dev/lovable-core-prod/sandbox-npm-cache/@napi-rs/canvas-linux-x64-musl/-/canvas-linux-x64-musl-1.0.0.tgz", { "os": "linux", "cpu": "x64" }, "sha512-jnvr8NrLHiZ3NCiOKWqDbkI4Ah+QDrqtZ+sddPZBltEb1mQ2coSvCSJYfict+oAwcm0c970oTmVySpjKP/lnaA=="],

    "@napi-rs/canvas-win32-arm64-msvc": ["@napi-rs/canvas-win32-arm64-msvc@1.0.0", "https://europe-west4-npm.pkg.dev/lovable-core-prod/sandbox-npm-cache/@napi-rs/canvas-win32-arm64-msvc/-/canvas-win32-arm64-msvc-1.0.0.tgz", { "os": "win32", "cpu": "arm64" }, "sha512-y2j9/Gfd5joqiqxdP/L1smqjQ+uAx3C4N0EC7bDHrnZEEH8ToM/OC5p3uHvtj4Lq591aHj+ArL01UDLNwT5HgQ=="],

    "@napi-rs/canvas-win32-x64-msvc": ["@napi-rs/canvas-win32-x64-msvc@1.0.0", "https://europe-west4-npm.pkg.dev/lovable-core-prod/sandbox-npm-cache/@napi-rs/canvas-win32-x64-msvc/-/canvas-win32-x64-msvc-1.0.0.tgz", { "os": "win32", "cpu": "x64" }, "sha512-qwdhh9N6Gge/hC4pL9S1tQp0iKwhSl/dYjg7+RGp9k26iRGRi5MqqUyKGOXIWli0zOcuy5Y2wIH/jk2ry6i/jA=="],

    "@pinojs/redact": ["@pinojs/redact@0.4.0", "https://europe-west4-npm.pkg.dev/lovable-core-prod/sandbox-npm-cache/@pinojs/redact/-/redact-0.4.0.tgz", {}, "sha512-k2ENnmBugE/rzQfEcdWHcCY+/FM3VLzH9cYEsbdsoqrvzAKRhUZeRNhAZvB8OitQJ1TBed3yqWtdjzS6wJKBwg=="],

    "@sapphire/async-queue": ["@sapphire/async-queue@1.5.5", "https://europe-west4-npm.pkg.dev/lovable-core-prod/sandbox-npm-cache/@sapphire/async-queue/-/async-queue-1.5.5.tgz", {}, "sha512-cvGzxbba6sav2zZkH8GPf2oGk9yYoD5qrNWdu9fRehifgnFZJMV+nuy2nON2roRO4yQQ+v7MK/Pktl/HgfsUXg=="],

    "@sapphire/shapeshift": ["@sapphire/shapeshift@4.0.0", "https://europe-west4-npm.pkg.dev/lovable-core-prod/sandbox-npm-cache/@sapphire/shapeshift/-/shapeshift-4.0.0.tgz", { "dependencies": { "fast-deep-equal": "^3.1.3", "lodash": "^4.17.21" } }, "sha512-d9dUmWVA7MMiKobL3VpLF8P2aeanRTu6ypG2OIaEv/ZHH/SUQ2iHOVyi5wAPjQ+HmnMuL0whK9ez8I/raWbtIg=="],

    "@sapphire/snowflake": ["@sapphire/snowflake@3.5.3", "https://europe-west4-npm.pkg.dev/lovable-core-prod/sandbox-npm-cache/@sapphire/snowflake/-/snowflake-3.5.3.tgz", {}, "sha512-jjmJywLAFoWeBi1W7994zZyiNWPIiqRRNAmSERxyg93xRGzNYvGjlZ0gR6x0F4gPRi2+0O6S71kOZYyr3cxaIQ=="],

    "@supabase/auth-js": ["@supabase/auth-js@2.108.2", "https://europe-west1-npm.pkg.dev/lovable-core-prod/sandbox-npm-cache/@supabase/auth-js/-/auth-js-2.108.2.tgz", { "dependencies": { "tslib": "2.8.1" } }, "sha512-tNaQmBgodDZwgB40mRwVbxFy8IDYwjdpcZ0BYrWiwlULCSQoJj4QoG4zgJT7QRPXcqipefNOzvO/qAu4dF98ag=="],

    "@supabase/functions-js": ["@supabase/functions-js@2.108.2", "https://europe-west1-npm.pkg.dev/lovable-core-prod/sandbox-npm-cache/@supabase/functions-js/-/functions-js-2.108.2.tgz", { "dependencies": { "tslib": "2.8.1" } }, "sha512-RNUX8EiBy3iLwAX19jtRzLyePnl11/fHcgwDHLnpKcDSXt/5qBnh3LUwAtIjT21Q66QsmNUR2esrHziLCpNubw=="],

    "@supabase/phoenix": ["@supabase/phoenix@0.4.2", "https://europe-west1-npm.pkg.dev/lovable-core-prod/sandbox-npm-cache/@supabase/phoenix/-/phoenix-0.4.2.tgz", {}, "sha512-YSAGnmDAfuleFCVt3CeurQZAhxRfXWeZIIkwp7NhYzQ1UwW6ePSnzsFAiUm/mbCkfoCf70QQHKW/K6RKh52a4A=="],

    "@supabase/postgrest-js": ["@supabase/postgrest-js@2.108.2", "https://europe-west1-npm.pkg.dev/lovable-core-prod/sandbox-npm-cache/@supabase/postgrest-js/-/postgrest-js-2.108.2.tgz", { "dependencies": { "tslib": "2.8.1" } }, "sha512-GQ28/Y8hk3CFmkb3kXH1h/AQx6JIYSQfO0CJMRVBcEKZoNy6C45cXAZ4fcJvRC5Id0cs6xnkUV0+c0rIocigsw=="],

    "@supabase/realtime-js": ["@supabase/realtime-js@2.108.2", "https://europe-west1-npm.pkg.dev/lovable-core-prod/sandbox-npm-cache/@supabase/realtime-js/-/realtime-js-2.108.2.tgz", { "dependencies": { "@supabase/phoenix": "^0.4.2", "tslib": "2.8.1" } }, "sha512-aAGxCSUemZvQIibnCdvNvgaKib28I4rfrNjKbQ9cG1uBLwUsI7hVpGXgEbypCCDhLjQlDTAiJlu7rgljYUT73g=="],

    "@supabase/storage-js": ["@supabase/storage-js@2.108.2", "https://europe-west1-npm.pkg.dev/lovable-core-prod/sandbox-npm-cache/@supabase/storage-js/-/storage-js-2.108.2.tgz", { "dependencies": { "iceberg-js": "^0.8.1", "tslib": "2.8.1" } }, "sha512-TVZPQxXGxY2+A6yTtm77zUHsh70lBhYUEaJL8RQC+BghcX/ygiMG/rmXrNVBce30/WAeNPa8FiG8HbqlGeV05g=="],

    "@supabase/supabase-js": ["@supabase/supabase-js@2.108.2", "https://europe-west1-npm.pkg.dev/lovable-core-prod/sandbox-npm-cache/@supabase/supabase-js/-/supabase-js-2.108.2.tgz", { "dependencies": { "@supabase/auth-js": "2.108.2", "@supabase/functions-js": "2.108.2", "@supabase/postgrest-js": "2.108.2", "@supabase/realtime-js": "2.108.2", "@supabase/storage-js": "2.108.2" } }, "sha512-hFhnPveb5JQg4a0QYicM0swT253YHMdfeRAl2BKHOlI5VAzuHxUGSr8RbwNLYNPauWOgQMS1H8sz8bvYlgwUfQ=="],

    "@types/ms": ["@types/ms@0.7.34", "https://europe-west4-npm.pkg.dev/lovable-core-prod/sandbox-npm-cache/@types/ms/-/ms-0.7.34.tgz", {}, "sha512-nG96G3Wp6acyAgJqGasjODb+acrI7KltPiRxzHPXnP3NgI28bpQDRv53olbqGXbfcgF5aiiHmO3xpwEpS5Ld9g=="],

    "@types/node": ["@types/node@22.19.21", "https://europe-west4-npm.pkg.dev/lovable-core-prod/sandbox-npm-cache/@types/node/-/node-22.19.21.tgz", { "dependencies": { "undici-types": "~6.21.0" } }, "sha512-VMeFBSCKQKmm2swI2kW51SFusDqekC6q9trBCvJ/JliDchFSuoYYKN7yVNjPthP1HKZcx3U1gI/wTcEBjEFKTA=="],

    "@types/webidl-conversions": ["@types/webidl-conversions@7.0.3", "https://europe-west4-npm.pkg.dev/lovable-core-prod/sandbox-npm-cache/@types/webidl-conversions/-/webidl-conversions-7.0.3.tgz", {}, "sha512-CiJJvcRtIgzadHCYXw7dqEnMNRjhGZlYK05Mj9OyktqV8uVT8fD2BFOB7S1uwBE3Kj2Z+4UyPmFw/Ixgw/LAlA=="],

    "@types/whatwg-url": ["@types/whatwg-url@11.0.5", "https://europe-west4-npm.pkg.dev/lovable-core-prod/sandbox-npm-cache/@types/whatwg-url/-/whatwg-url-11.0.5.tgz", { "dependencies": { "@types/webidl-conversions": "*" } }, "sha512-coYR071JRaHa+xoEvvYqvnIHaVqaYrLPbsufM9BF63HkwI5Lgmy2QR8Q5K/lYDYo5AK82wOvSOS0UsLTpTG7uQ=="],

    "@types/ws": ["@types/ws@8.18.1", "https://europe-west4-npm.pkg.dev/lovable-core-prod/sandbox-npm-cache/@types/ws/-/ws-8.18.1.tgz", { "dependencies": { "@types/node": "*" } }, "sha512-ThVF6DCVhA8kUGy+aazFQ4kXQ7E1Ty7A3ypFOe0IcJV8O/M511G99AW24irKrW56Wt44yG9+ij8FaqoBGkuBXg=="],

    "@vladfrangu/async_event_emitter": ["@vladfrangu/async_event_emitter@2.4.7", "https://europe-west4-npm.pkg.dev/lovable-core-prod/sandbox-npm-cache/@vladfrangu/async_event_emitter/-/async_event_emitter-2.4.7.tgz", {}, "sha512-Xfe6rpCTxSxfbswi/W/Pz7zp1WWSNn4A0eW4mLkQUewCrXXtMj31lCg+iQyTkh/CkusZSq9eDflu7tjEDXUY6g=="],

    "abort-controller": ["abort-controller@3.0.0", "https://europe-west4-npm.pkg.dev/lovable-core-prod/sandbox-npm-cache/abort-controller/-/abort-controller-3.0.0.tgz", { "dependencies": { "event-target-shim": "^5.0.0" } }, "sha512-h8lQ8tacZYnR3vNQTgibj+tODHI5/+l06Au2Pcriv/Gmet0eaj4TwWH41sO9wnHDiQsEj19q0drzdWdeAHtweg=="],

    "atomic-sleep": ["atomic-sleep@1.0.0", "https://europe-west4-npm.pkg.dev/lovable-core-prod/sandbox-npm-cache/atomic-sleep/-/atomic-sleep-1.0.0.tgz", {}, "sha512-kNOjDqAh7px0XWNI+4QbzoiR/nTkHAWNud2uvnJquD1/x5a7EQZMJT0AczqK0Qn67oY/TTQ1LbUKajZpp3I9tQ=="],

    "base64-js": ["base64-js@1.5.1", "https://europe-west4-npm.pkg.dev/lovable-core-prod/sandbox-npm-cache/base64-js/-/base64-js-1.5.1.tgz", {}, "sha512-AKpaYlHn8t4SVbOHCy+b5+KKgvR4vrsD8vbvrbiQJps7fKDTkjkDry6ji0rUJjC0kzbNePLwzxq8iypo41qeWA=="],

    "bson": ["bson@6.10.4", "https://europe-west4-npm.pkg.dev/lovable-core-prod/sandbox-npm-cache/bson/-/bson-6.10.4.tgz", {}, "sha512-WIsKqkSC0ABoBJuT1LEX+2HEvNmNKKgnTAyd0fL8qzK4SH2i9NXg+t08YtdZp/V9IZ33cxe3iV4yM0qg8lMQng=="],

    "buffer": ["buffer@6.0.3", "https://europe-west4-npm.pkg.dev/lovable-core-prod/sandbox-npm-cache/buffer/-/buffer-6.0.3.tgz", { "dependencies": { "base64-js": "^1.3.1", "ieee754": "^1.2.1" } }, "sha512-FTiCpNxtwiZZHEZbcbTIcZjERVICn9yq/pDFkTl95/AxzD1naBctN7YO68riM/gLSDY7sdrMby8hofADYuuqOA=="],

    "colorette": ["colorette@2.0.20", "https://europe-west4-npm.pkg.dev/lovable-core-prod/sandbox-npm-cache/colorette/-/colorette-2.0.20.tgz", {}, "sha512-IfEDxwoWIjkeXL1eXcDiow4UbKjhLdq6/EuSVR9GMN7KVH3r9gQ83e73hsz1Nd1T3ijd5xv1wcWRYO+D6kCI2w=="],

    "dateformat": ["dateformat@4.6.3", "https://europe-west4-npm.pkg.dev/lovable-core-prod/sandbox-npm-cache/dateformat/-/dateformat-4.6.3.tgz", {}, "sha512-2P0p0pFGzHS5EMnhdxQi7aJN+iMheud0UhG4dlE1DLAlvL8JHjJJTX/CSm4JXwV0Ka5nGk3zC5mcb5bUQUxxMA=="],

    "debug": ["debug@4.4.3", "https://europe-west4-npm.pkg.dev/lovable-core-prod/sandbox-npm-cache/debug/-/debug-4.4.3.tgz", { "dependencies": { "ms": "^2.1.3" } }, "sha512-RGwwWnwQvkVfavKVt22FGLw+xYSdzARwm0ru6DhTVA3umU5hZc28V3kO4stgYryrTlLpuvgI9GiijltAjNbcqA=="],

    "discord-api-types": ["discord-api-types@0.38.48", "https://europe-west4-npm.pkg.dev/lovable-core-prod/sandbox-npm-cache/discord-api-types/-/discord-api-types-0.38.48.tgz", {}, "sha512-WFUE/2o0lBlLeCQonQ+Pu2RqHAqbytBJ2RlXR91gzk05InSS6k9ShzzLYoymrA4c2oRgRKGE7/VqQJNNdGWSxQ=="],

    "discord.js": ["discord.js@14.26.4", "https://europe-west4-npm.pkg.dev/lovable-core-prod/sandbox-npm-cache/discord.js/-/discord.js-14.26.4.tgz", { "dependencies": { "@discordjs/builders": "^1.14.1", "@discordjs/collection": "1.5.3", "@discordjs/formatters": "^0.6.2", "@discordjs/rest": "^2.6.1", "@discordjs/util": "^1.2.0", "@discordjs/ws": "^1.2.3", "@sapphire/snowflake": "3.5.3", "discord-api-types": "^0.38.40", "fast-deep-equal": "3.1.3", "lodash.snakecase": "4.1.1", "magic-bytes.js": "^1.13.0", "tslib": "^2.6.3", "undici": "6.24.1" } }, "sha512-4oBp8tc6Kf8IDBwAHhbsMaAqx1b5fob9SNasZT7V6yyyUydoO5i5fGuX7TmvRtR+q/WgKRnRViRoAWnG7fNyvA=="],

    "dotenv": ["dotenv@16.6.1", "https://europe-west4-npm.pkg.dev/lovable-core-prod/sandbox-npm-cache/dotenv/-/dotenv-16.6.1.tgz", {}, "sha512-uBq4egWHTcTt33a72vpSG0z3HnPuIl6NqYcTrKEg2azoEyl2hpW0zqlxysq2pK9HlDIHyHyakeYaYnSAwd8bow=="],

    "end-of-stream": ["end-of-stream@1.4.5", "https://europe-west4-npm.pkg.dev/lovable-core-prod/sandbox-npm-cache/end-of-stream/-/end-of-stream-1.4.5.tgz", { "dependencies": { "once": "^1.4.0" } }, "sha512-ooEGc6HP26xXq/N+GCGOT0JKCLDGrq2bQUZrQ7gyrJiZANJ/8YDTxTpQBXGMn+WbIQXNVpyWymm7KYVICQnyOg=="],

    "esbuild": ["esbuild@0.28.1", "https://europe-west4-npm.pkg.dev/lovable-core-prod/sandbox-npm-cache/esbuild/-/esbuild-0.28.1.tgz", { "optionalDependencies": { "@esbuild/aix-ppc64": "0.28.1", "@esbuild/android-arm": "0.28.1", "@esbuild/android-arm64": "0.28.1", "@esbuild/android-x64": "0.28.1", "@esbuild/darwin-arm64": "0.28.1", "@esbuild/darwin-x64": "0.28.1", "@esbuild/freebsd-arm64": "0.28.1", "@esbuild/freebsd-x64": "0.28.1", "@esbuild/linux-arm": "0.28.1", "@esbuild/linux-arm64": "0.28.1", "@esbuild/linux-ia32": "0.28.1", "@esbuild/linux-loong64": "0.28.1", "@esbuild/linux-mips64el": "0.28.1", "@esbuild/linux-ppc64": "0.28.1", "@esbuild/linux-riscv64": "0.28.1", "@esbuild/linux-s390x": "0.28.1", "@esbuild/linux-x64": "0.28.1", "@esbuild/netbsd-arm64": "0.28.1", "@esbuild/netbsd-x64": "0.28.1", "@esbuild/openbsd-arm64": "0.28.1", "@esbuild/openbsd-x64": "0.28.1", "@esbuild/openharmony-arm64": "0.28.1", "@esbuild/sunos-x64": "0.28.1", "@esbuild/win32-arm64": "0.28.1", "@esbuild/win32-ia32": "0.28.1", "@esbuild/win32-x64": "0.28.1" }, "bin": "bin/esbuild" }, "sha512-HrJrvZv5ayxBzPfwphOoNzkzOIIlifzk0KJrGK2c8R4+LKpMtpYLQeUdjnwjWv/LZlkH2laZk+4w78pi99D4Vw=="],

    "event-target-shim": ["event-target-shim@5.0.1", "https://europe-west4-npm.pkg.dev/lovable-core-prod/sandbox-npm-cache/event-target-shim/-/event-target-shim-5.0.1.tgz", {}, "sha512-i/2XbnSz/uxRCU6+NdVJgKWDTM427+MqYbkQzD321DuCQJUqOuJKIA0IM2+W2xtYHdKOmZ4dR6fExsd4SXL+WQ=="],

    "events": ["events@3.3.0", "https://europe-west4-npm.pkg.dev/lovable-core-prod/sandbox-npm-cache/events/-/events-3.3.0.tgz", {}, "sha512-mQw+2fkQbALzQ7V0MY0IqdnXNOeTtP4r0lN9z7AAawCXgqea7bDii20AYrIBrFd/Hx0M2Ocz6S111CaFkUcb0Q=="],

    "fast-copy": ["fast-copy@3.0.2", "https://europe-west4-npm.pkg.dev/lovable-core-prod/sandbox-npm-cache/fast-copy/-/fast-copy-3.0.2.tgz", {}, "sha512-dl0O9Vhju8IrcLndv2eU4ldt1ftXMqqfgN4H1cpmGV7P6jeB9FwpN9a2c8DPGE1Ys88rNUJVYDHq73CGAGOPfQ=="],

    "fast-deep-equal": ["fast-deep-equal@3.1.3", "https://europe-west4-npm.pkg.dev/lovable-core-prod/sandbox-npm-cache/fast-deep-equal/-/fast-deep-equal-3.1.3.tgz", {}, "sha512-f3qQ9oQy9j2AhBe/H9VC91wLmKBCCU/gDOnKNAYG5hswO7BLKj09Hc5HYNz9cGI++xlpDCIgDaitVs03ATR84Q=="],

    "fast-safe-stringify": ["fast-safe-stringify@2.1.1", "https://europe-west4-npm.pkg.dev/lovable-core-prod/sandbox-npm-cache/fast-safe-stringify/-/fast-safe-stringify-2.1.1.tgz", {}, "sha512-W+KJc2dmILlPplD/H4K9l9LcAHAfPtP6BY84uVLXQ6Evcz9Lcg33Y2z1IVblT6xdY54PXYVHEv+0Wpq8Io6zkA=="],

    "fsevents": ["fsevents@2.3.3", "https://europe-west4-npm.pkg.dev/lovable-core-prod/sandbox-npm-cache/fsevents/-/fsevents-2.3.3.tgz", { "os": "darwin" }, "sha512-5xoDfX+fL7faATnagmWPpbFtwh/R77WmMMqqHGS65C3vvB0YHrgF+B1YmZ3441tMj5n63k0212XNoJwzlhffQw=="],

    "help-me": ["help-me@5.0.0", "https://europe-west4-npm.pkg.dev/lovable-core-prod/sandbox-npm-cache/help-me/-/help-me-5.0.0.tgz", {}, "sha512-7xgomUX6ADmcYzFik0HzAxh/73YlKR9bmFzf51CZwR+b6YtzU2m0u49hQCqV6SvlqIqsaxovfwdvbnsw3b/zpg=="],

    "iceberg-js": ["iceberg-js@0.8.1", "https://europe-west1-npm.pkg.dev/lovable-core-prod/sandbox-npm-cache/iceberg-js/-/iceberg-js-0.8.1.tgz", {}, "sha512-1dhVQZXhcHje7798IVM+xoo/1ZdVfzOMIc8/rgVSijRK38EDqOJoGula9N/8ZI5RD8QTxNQtK/Gozpr+qUqRRA=="],

    "ieee754": ["ieee754@1.2.1", "https://europe-west4-npm.pkg.dev/lovable-core-prod/sandbox-npm-cache/ieee754/-/ieee754-1.2.1.tgz", {}, "sha512-dcyqhDvX1C46lXZcVqCpK+FtMRQVdIMN6/Df5js2zouUsqG7I6sFxitIC+7KYK29KdXOLHdu9zL4sFnoVQnqaA=="],

    "joycon": ["joycon@3.1.1", "https://europe-west4-npm.pkg.dev/lovable-core-prod/sandbox-npm-cache/joycon/-/joycon-3.1.1.tgz", {}, "sha512-34wB/Y7MW7bzjKRjUKTa46I2Z7eV62Rkhva+KkopW7Qvv/OSWBqvkSY7vusOPrNuZcUG3tApvdVgNB8POj3SPw=="],

    "kareem": ["kareem@2.6.3", "https://europe-west4-npm.pkg.dev/lovable-core-prod/sandbox-npm-cache/kareem/-/kareem-2.6.3.tgz", {}, "sha512-C3iHfuGUXK2u8/ipq9LfjFfXFxAZMQJJq7vLS45r3D9Y2xQ/m4S8zaR4zMLFWh9AsNPXmcFfUDhTEO8UIC/V6Q=="],

    "lodash": ["lodash@4.18.1", "https://europe-west4-npm.pkg.dev/lovable-core-prod/sandbox-npm-cache/lodash/-/lodash-4.18.1.tgz", {}, "sha512-dMInicTPVE8d1e5otfwmmjlxkZoUpiVLwyeTdUsi/Caj/gfzzblBcCE5sRHV/AsjuCmxWrte2TNGSYuCeCq+0Q=="],

    "lodash.snakecase": ["lodash.snakecase@4.1.1", "https://europe-west4-npm.pkg.dev/lovable-core-prod/sandbox-npm-cache/lodash.snakecase/-/lodash.snakecase-4.1.1.tgz", {}, "sha512-QZ1d4xoBHYUeuouhEq3lk3Uq7ldgyFXGBhg04+oRLnIz8o9T65Eh+8YdroUwn846zchkA9yDsDl5CVVaV2nqYw=="],

    "magic-bytes.js": ["magic-bytes.js@1.13.0", "https://europe-west4-npm.pkg.dev/lovable-core-prod/sandbox-npm-cache/magic-bytes.js/-/magic-bytes.js-1.13.0.tgz", {}, "sha512-afO2mnxW7GDTXMm5/AoN1WuOcdoKhtgXjIvHmobqTD1grNplhGdv3PFOyjCVmrnOZBIT/gD/koDKpYG+0mvHcg=="],

    "memory-pager": ["memory-pager@1.5.0", "https://europe-west4-npm.pkg.dev/lovable-core-prod/sandbox-npm-cache/memory-pager/-/memory-pager-1.5.0.tgz", {}, "sha512-ZS4Bp4r/Zoeq6+NLJpP+0Zzm0pR8whtGPf1XExKLJBAczGMnSi3It14OiNCStjQjM6NU1okjQGSxgEZN8eBYKg=="],

    "minimist": ["minimist@1.2.8", "https://europe-west4-npm.pkg.dev/lovable-core-prod/sandbox-npm-cache/minimist/-/minimist-1.2.8.tgz", {}, "sha512-2yyAR8qBkN3YuheJanUpWC5U3bb5osDywNB8RzDVlDwDHbocAJveqqj1u8+SVD7jkWT4yvsHCpWqqWqAxb0zCA=="],

    "mongodb": ["mongodb@6.20.0", "https://europe-west4-npm.pkg.dev/lovable-core-prod/sandbox-npm-cache/mongodb/-/mongodb-6.20.0.tgz", { "dependencies": { "@mongodb-js/saslprep": "^1.3.0", "bson": "^6.10.4", "mongodb-connection-string-url": "^3.0.2" }, "peerDependencies": { "@aws-sdk/credential-providers": "^3.188.0", "@mongodb-js/zstd": "^1.1.0 || ^2.0.0", "gcp-metadata": "^5.2.0", "kerberos": "^2.0.1", "mongodb-client-encryption": ">=6.0.0 <7", "snappy": "^7.3.2", "socks": "^2.7.1" }, "optionalPeers": ["@aws-sdk/credential-providers", "@mongodb-js/zstd", "gcp-metadata", "kerberos", "mongodb-client-encryption", "snappy", "socks"] }, "sha512-Tl6MEIU3K4Rq3TSHd+sZQqRBoGlFsOgNrH5ltAcFBV62Re3Fd+FcaVf8uSEQFOJ51SDowDVttBTONMfoYWrWlQ=="],

    "mongodb-connection-string-url": ["mongodb-connection-string-url@3.0.2", "https://europe-west4-npm.pkg.dev/lovable-core-prod/sandbox-npm-cache/mongodb-connection-string-url/-/mongodb-connection-string-url-3.0.2.tgz", { "dependencies": { "@types/whatwg-url": "^11.0.2", "whatwg-url": "^14.1.0 || ^13.0.0" } }, "sha512-rMO7CGo/9BFwyZABcKAWL8UJwH/Kc2x0g72uhDWzG48URRax5TCIcJ7Rc3RZqffZzO/Gwff/jyKwCU9TN8gehA=="],

    "mongoose": ["mongoose@8.24.0", "https://europe-west4-npm.pkg.dev/lovable-core-prod/sandbox-npm-cache/mongoose/-/mongoose-8.24.0.tgz", { "dependencies": { "bson": "^6.10.4", "kareem": "2.6.3", "mongodb": "~6.20.0", "mpath": "0.9.0", "mquery": "5.0.0", "ms": "2.1.3", "sift": "17.1.3" } }, "sha512-EEZwOibDPZ5uZN3bFapfnRskEbdljAf6sP9ln6u+P4e5IfkOAh6Tqw2g8/Tag++KHOAJ095WXT/c0uqRq4Vckg=="],

    "mpath": ["mpath@0.9.0", "https://europe-west4-npm.pkg.dev/lovable-core-prod/sandbox-npm-cache/mpath/-/mpath-0.9.0.tgz", {}, "sha512-ikJRQTk8hw5DEoFVxHG1Gn9T/xcjtdnOKIU1JTmGjZZlg9LST2mBLmcX3/ICIbgJydT2GOc15RnNy5mHmzfSew=="],

    "mquery": ["mquery@5.0.0", "https://europe-west4-npm.pkg.dev/lovable-core-prod/sandbox-npm-cache/mquery/-/mquery-5.0.0.tgz", { "dependencies": { "debug": "4.x" } }, "sha512-iQMncpmEK8R8ncT8HJGsGc9Dsp8xcgYMVSbs5jgnm1lFHTZqMJTUWTDx1LBO8+mK3tPNZWFLBghQEIOULSTHZg=="],

    "ms": ["ms@2.1.3", "https://europe-west4-npm.pkg.dev/lovable-core-prod/sandbox-npm-cache/ms/-/ms-2.1.3.tgz", {}, "sha512-6FlzubTLZG3J2a/NVCAleEhjzq5oxgHyaCU9yYXvcLsvoVaHJq/s5xXI6/XXP6tz7R9xAOtHnSO/tXtF3WRTlA=="],

    "on-exit-leak-free": ["on-exit-leak-free@2.1.2", "https://europe-west4-npm.pkg.dev/lovable-core-prod/sandbox-npm-cache/on-exit-leak-free/-/on-exit-leak-free-2.1.2.tgz", {}, "sha512-0eJJY6hXLGf1udHwfNftBqH+g73EU4B504nZeKpz1sYRKafAghwxEJunB2O7rDZkL4PGfsMVnTXZ2EjibbqcsA=="],

    "once": ["once@1.4.0", "https://europe-west4-npm.pkg.dev/lovable-core-prod/sandbox-npm-cache/once/-/once-1.4.0.tgz", { "dependencies": { "wrappy": "1" } }, "sha512-lNaJgI+2Q5URQBkccEKHTQOPaXdUxnZZElQTZY0MFUAuaEqe1E+Nyvgdz/aIyNi6Z9MzO5dv1H8n58/GELp3+w=="],

    "pino": ["pino@9.14.0", "https://europe-west4-npm.pkg.dev/lovable-core-prod/sandbox-npm-cache/pino/-/pino-9.14.0.tgz", { "dependencies": { "@pinojs/redact": "^0.4.0", "atomic-sleep": "^1.0.0", "on-exit-leak-free": "^2.1.0", "pino-abstract-transport": "^2.0.0", "pino-std-serializers": "^7.0.0", "process-warning": "^5.0.0", "quick-format-unescaped": "^4.0.3", "real-require": "^0.2.0", "safe-stable-stringify": "^2.3.1", "sonic-boom": "^4.0.1", "thread-stream": "^3.0.0" }, "bin": "bin.js" }, "sha512-8OEwKp5juEvb/MjpIc4hjqfgCNysrS94RIOMXYvpYCdm/jglrKEiAYmiumbmGhCvs+IcInsphYDFwqrjr7398w=="],

    "pino-abstract-transport": ["pino-abstract-transport@2.0.0", "https://europe-west4-npm.pkg.dev/lovable-core-prod/sandbox-npm-cache/pino-abstract-transport/-/pino-abstract-transport-2.0.0.tgz", { "dependencies": { "split2": "^4.0.0" } }, "sha512-F63x5tizV6WCh4R6RHyi2Ml+M70DNRXt/+HANowMflpgGFMAym/VKm6G7ZOQRjqN7XbGxK1Lg9t6ZrtzOaivMw=="],

    "pino-pretty": ["pino-pretty@11.3.0", "https://europe-west4-npm.pkg.dev/lovable-core-prod/sandbox-npm-cache/pino-pretty/-/pino-pretty-11.3.0.tgz", { "dependencies": { "colorette": "^2.0.7", "dateformat": "^4.6.3", "fast-copy": "^3.0.2", "fast-safe-stringify": "^2.1.1", "help-me": "^5.0.0", "joycon": "^3.1.1", "minimist": "^1.2.6", "on-exit-leak-free": "^2.1.0", "pino-abstract-transport": "^2.0.0", "pump": "^3.0.0", "readable-stream": "^4.0.0", "secure-json-parse": "^2.4.0", "sonic-boom": "^4.0.1", "strip-json-comments": "^3.1.1" }, "bin": "bin.js" }, "sha512-oXwn7ICywaZPHmu3epHGU2oJX4nPmKvHvB/bwrJHlGcbEWaVcotkpyVHMKLKmiVryWYByNp0jpgAcXpFJDXJzA=="],

    "pino-std-serializers": ["pino-std-serializers@7.1.0", "https://europe-west4-npm.pkg.dev/lovable-core-prod/sandbox-npm-cache/pino-std-serializers/-/pino-std-serializers-7.1.0.tgz", {}, "sha512-BndPH67/JxGExRgiX1dX0w1FvZck5Wa4aal9198SrRhZjH3GxKQUKIBnYJTdj2HDN3UQAS06HlfcSbQj2OHmaw=="],

    "process": ["process@0.11.10", "https://europe-west4-npm.pkg.dev/lovable-core-prod/sandbox-npm-cache/process/-/process-0.11.10.tgz", {}, "sha512-cdGef/drWFoydD1JsMzuFf8100nZl+GT+yacc2bEced5f9Rjk4z+WtFUTBu9PhOi9j/jfmBPu0mMEY4wIdAF8A=="],

    "process-warning": ["process-warning@5.0.0", "https://europe-west4-npm.pkg.dev/lovable-core-prod/sandbox-npm-cache/process-warning/-/process-warning-5.0.0.tgz", {}, "sha512-a39t9ApHNx2L4+HBnQKqxxHNs1r7KF+Intd8Q/g1bUh6q0WIp9voPXJ/x0j+ZL45KF1pJd9+q2jLIRMfvEshkA=="],

    "pump": ["pump@3.0.4", "https://europe-west4-npm.pkg.dev/lovable-core-prod/sandbox-npm-cache/pump/-/pump-3.0.4.tgz", { "dependencies": { "end-of-stream": "^1.1.0", "once": "^1.3.1" } }, "sha512-VS7sjc6KR7e1ukRFhQSY5LM2uBWAUPiOPa/A3mkKmiMwSmRFUITt0xuj+/lesgnCv+dPIEYlkzrcyXgquIHMcA=="],

    "punycode": ["punycode@2.3.1", "https://europe-west4-npm.pkg.dev/lovable-core-prod/sandbox-npm-cache/punycode/-/punycode-2.3.1.tgz", {}, "sha512-vYt7UD1U9Wg6138shLtLOvdAu+8DsC/ilFtEVHcH+wydcSpNE20AfSOduf6MkRFahL5FY7X1oU7nKVZFtfq8Fg=="],

    "quick-format-unescaped": ["quick-format-unescaped@4.0.4", "https://europe-west4-npm.pkg.dev/lovable-core-prod/sandbox-npm-cache/quick-format-unescaped/-/quick-format-unescaped-4.0.4.tgz", {}, "sha512-tYC1Q1hgyRuHgloV/YXs2w15unPVh8qfu/qCTfhTYamaw7fyhumKa2yGpdSo87vY32rIclj+4fWYQXUMs9EHvg=="],

    "readable-stream": ["readable-stream@4.7.0", "https://europe-west4-npm.pkg.dev/lovable-core-prod/sandbox-npm-cache/readable-stream/-/readable-stream-4.7.0.tgz", { "dependencies": { "abort-controller": "^3.0.0", "buffer": "^6.0.3", "events": "^3.3.0", "process": "^0.11.10", "string_decoder": "^1.3.0" } }, "sha512-oIGGmcpTLwPga8Bn6/Z75SVaH1z5dUut2ibSyAMVhmUggWpmDn2dapB0n7f8nwaSiRtepAsfJyfXIO5DCVAODg=="],

    "real-require": ["real-require@0.2.0", "https://europe-west4-npm.pkg.dev/lovable-core-prod/sandbox-npm-cache/real-require/-/real-require-0.2.0.tgz", {}, "sha512-57frrGM/OCTLqLOAh0mhVA9VBMHd+9U7Zb2THMGdBUoZVOtGbJzjxsYGDJ3A9AYYCP4hn6y1TVbaOfzWtm5GFg=="],

    "safe-buffer": ["safe-buffer@5.2.1", "https://europe-west4-npm.pkg.dev/lovable-core-prod/sandbox-npm-cache/safe-buffer/-/safe-buffer-5.2.1.tgz", {}, "sha512-rp3So07KcdmmKbGvgaNxQSJr7bGVSVk5S9Eq1F+ppbRo70+YeaDxkw5Dd8NPN+GD6bjnYm2VuPuCXmpuYvmCXQ=="],

    "safe-stable-stringify": ["safe-stable-stringify@2.5.0", "https://europe-west4-npm.pkg.dev/lovable-core-prod/sandbox-npm-cache/safe-stable-stringify/-/safe-stable-stringify-2.5.0.tgz", {}, "sha512-b3rppTKm9T+PsVCBEOUR46GWI7fdOs00VKZ1+9c1EWDaDMvjQc6tUwuFyIprgGgTcWoVHSKrU8H31ZHA2e0RHA=="],

    "secure-json-parse": ["secure-json-parse@2.7.0", "https://europe-west4-npm.pkg.dev/lovable-core-prod/sandbox-npm-cache/secure-json-parse/-/secure-json-parse-2.7.0.tgz", {}, "sha512-6aU+Rwsezw7VR8/nyvKTx8QpWH9FrcYiXXlqC4z5d5XQBDRqtbfsRjnwGyqbi3gddNtWHuEk9OANUotL26qKUw=="],

    "sift": ["sift@17.1.3", "https://europe-west4-npm.pkg.dev/lovable-core-prod/sandbox-npm-cache/sift/-/sift-17.1.3.tgz", {}, "sha512-Rtlj66/b0ICeFzYTuNvX/EF1igRbbnGSvEyT79McoZa/DeGhMyC5pWKOEsZKnpkqtSeovd5FL/bjHWC3CIIvCQ=="],

    "sonic-boom": ["sonic-boom@4.2.1", "https://europe-west4-npm.pkg.dev/lovable-core-prod/sandbox-npm-cache/sonic-boom/-/sonic-boom-4.2.1.tgz", { "dependencies": { "atomic-sleep": "^1.0.0" } }, "sha512-w6AxtubXa2wTXAUsZMMWERrsIRAdrK0Sc+FUytWvYAhBJLyuI4llrMIC1DtlNSdI99EI86KZum2MMq3EAZlF9Q=="],

    "sparse-bitfield": ["sparse-bitfield@3.0.3", "https://europe-west4-npm.pkg.dev/lovable-core-prod/sandbox-npm-cache/sparse-bitfield/-/sparse-bitfield-3.0.3.tgz", { "dependencies": { "memory-pager": "^1.0.2" } }, "sha512-kvzhi7vqKTfkh0PZU+2D2PIllw2ymqJKujUcyPMd9Y75Nv4nPbGJZXNhxsgdQab2BmlDct1YnfQCguEvHr7VsQ=="],

    "split2": ["split2@4.2.0", "https://europe-west4-npm.pkg.dev/lovable-core-prod/sandbox-npm-cache/split2/-/split2-4.2.0.tgz", {}, "sha512-UcjcJOWknrNkF6PLX83qcHM6KHgVKNkV62Y8a5uYDVv9ydGQVwAHMKqHdJje1VTWpljG0WYpCDhrCdAOYH4TWg=="],

    "string_decoder": ["string_decoder@1.3.0", "https://europe-west4-npm.pkg.dev/lovable-core-prod/sandbox-npm-cache/string_decoder/-/string_decoder-1.3.0.tgz", { "dependencies": { "safe-buffer": "~5.2.0" } }, "sha512-hkRX8U1WjJFd8LsDJ2yQ/wWWxaopEsABU1XfkM8A+j0+85JAGppt16cr1Whg6KIbb4okU6Mql6BOj+uup/wKeA=="],

    "strip-json-comments": ["strip-json-comments@3.1.1", "https://europe-west4-npm.pkg.dev/lovable-core-prod/sandbox-npm-cache/strip-json-comments/-/strip-json-comments-3.1.1.tgz", {}, "sha512-6fPc+R4ihwqP6N/aIv2f1gMH8lOVtWQHoqC4yK6oSDVVocumAsfCqjkXnqiYMhmMwS/mEHLp7Vehlt3ql6lEig=="],

    "thread-stream": ["thread-stream@3.2.0", "https://europe-west4-npm.pkg.dev/lovable-core-prod/sandbox-npm-cache/thread-stream/-/thread-stream-3.2.0.tgz", { "dependencies": { "real-require": "^0.2.0" } }, "sha512-zLBvqpwr4Esa0kRjcrzGU6zL25lePWaCLMx0RQFrmteozIfeNdaMLpG5U7PeHzvlFkAWaRKA9/KVW4F60iB+qw=="],

    "tr46": ["tr46@5.1.1", "https://europe-west4-npm.pkg.dev/lovable-core-prod/sandbox-npm-cache/tr46/-/tr46-5.1.1.tgz", { "dependencies": { "punycode": "^2.3.1" } }, "sha512-hdF5ZgjTqgAntKkklYw0R03MG2x/bSzTtkxmIRw/sTNV8YXsCJ1tfLAX23lhxhHJlEf3CRCOCGGWw3vI3GaSPw=="],

    "ts-mixer": ["ts-mixer@6.0.4", "https://europe-west4-npm.pkg.dev/lovable-core-prod/sandbox-npm-cache/ts-mixer/-/ts-mixer-6.0.4.tgz", {}, "sha512-ufKpbmrugz5Aou4wcr5Wc1UUFWOLhq+Fm6qa6P0w0K5Qw2yhaUoiWszhCVuNQyNwrlGiscHOmqYoAox1PtvgjA=="],

    "tslib": ["tslib@2.8.1", "https://europe-west4-npm.pkg.dev/lovable-core-prod/sandbox-npm-cache/tslib/-/tslib-2.8.1.tgz", {}, "sha512-oJFu94HQb+KVduSUQL7wnpmqnfmLsOA/nAh6b6EH0wCEoK0/mPeXU6c3wKDV83MkOuHPRHtSXKKU99IBazS/2w=="],

    "tsx": ["tsx@4.22.4", "https://europe-west4-npm.pkg.dev/lovable-core-prod/sandbox-npm-cache/tsx/-/tsx-4.22.4.tgz", { "dependencies": { "esbuild": "~0.28.0" }, "optionalDependencies": { "fsevents": "~2.3.3" }, "bin": "dist/cli.mjs" }, "sha512-X8EX+XV4QR5xCsrgxaED954zTDfY8KqlDtskKEL0cHhyS/P8b4IFOvGDQpsC9Q1XnLq915wEfwwY/zzskCtmhg=="],

    "typescript": ["typescript@5.9.3", "https://europe-west4-npm.pkg.dev/lovable-core-prod/sandbox-npm-cache/typescript/-/typescript-5.9.3.tgz", { "bin": { "tsc": "bin/tsc", "tsserver": "bin/tsserver" } }, "sha512-jl1vZzPDinLr9eUt3J/t7V6FgNEw9QjvBPdysz9KfQDD41fQrC2Y4vKQdiaUpFT4bXlb1RHhLpp8wtm6M5TgSw=="],

    "undici": ["undici@6.24.1", "https://europe-west4-npm.pkg.dev/lovable-core-prod/sandbox-npm-cache/undici/-/undici-6.24.1.tgz", {}, "sha512-sC+b0tB1whOCzbtlx20fx3WgCXwkW627p4EA9uM+/tNNPkSS+eSEld6pAs9nDv7WbY1UUljBMYPtu9BCOrCWKA=="],

    "undici-types": ["undici-types@6.21.0", "https://europe-west4-npm.pkg.dev/lovable-core-prod/sandbox-npm-cache/undici-types/-/undici-types-6.21.0.tgz", {}, "sha512-iwDZqg0QAGrg9Rav5H4n0M64c3mkR59cJ6wQp+7C4nI0gsmExaedaYLNO44eT4AtBBwjbTiGPMlt2Md0T9H9JQ=="],

    "webidl-conversions": ["webidl-conversions@7.0.0", "https://europe-west4-npm.pkg.dev/lovable-core-prod/sandbox-npm-cache/webidl-conversions/-/webidl-conversions-7.0.0.tgz", {}, "sha512-VwddBukDzu71offAQR975unBIGqfKZpM+8ZX6ySk8nYhVoo5CYaZyzt3YBvYtRtO+aoGlqxPg/B87NGVZ/fu6g=="],

    "whatwg-url": ["whatwg-url@14.2.0", "https://europe-west4-npm.pkg.dev/lovable-core-prod/sandbox-npm-cache/whatwg-url/-/whatwg-url-14.2.0.tgz", { "dependencies": { "tr46": "^5.1.0", "webidl-conversions": "^7.0.0" } }, "sha512-De72GdQZzNTUBBChsXueQUnPKDkg/5A5zp7pFDuQAj5UFoENpiACU0wlCvzpAGnTkj++ihpKwKyYewn/XNUbKw=="],

    "wrappy": ["wrappy@1.0.2", "https://europe-west4-npm.pkg.dev/lovable-core-prod/sandbox-npm-cache/wrappy/-/wrappy-1.0.2.tgz", {}, "sha512-l4Sp/DRseor9wL6EvV2+TuQn63dMkPjZ/sp9XkghTEbV9KlPS1xUsZ3u7/IQO4wxtcFB4bgpQPRcR3QCvezPcQ=="],

    "ws": ["ws@8.21.0", "https://europe-west4-npm.pkg.dev/lovable-core-prod/sandbox-npm-cache/ws/-/ws-8.21.0.tgz", { "peerDependencies": { "bufferutil": "^4.0.1", "utf-8-validate": ">=5.0.2" }, "optionalPeers": ["bufferutil", "utf-8-validate"] }, "sha512-Vsp28b7DRcimFQvrqu2Wek3z1iYxDCWqHYB8Qsnk/S4RfaCQzPGPyBNuVjJV3cd6UiKtUtp6sNM77gWvzcCH+g=="],

    "zod": ["zod@3.25.76", "https://europe-west4-npm.pkg.dev/lovable-core-prod/sandbox-npm-cache/zod/-/zod-3.25.76.tgz", {}, "sha512-gzUt/qt81nXsFGKIFcC3YnfEAx5NkunCfnDlvuBSSFS02bcXu4Lmea0AFIUwbLWxWPx3d9p8S5QoaujKcNQxcQ=="],

    "@discordjs/rest/@discordjs/collection": ["@discordjs/collection@2.1.1", "https://europe-west4-npm.pkg.dev/lovable-core-prod/sandbox-npm-cache/@discordjs/collection/-/collection-2.1.1.tgz", {}, "sha512-LiSusze9Tc7qF03sLCujF5iZp7K+vRNEDBZ86FT9aQAv3vxMLihUvKvpsCWiQ2DJq1tVckopKm1rxomgNUc9hg=="],

    "@discordjs/rest/@sapphire/snowflake": ["@sapphire/snowflake@3.5.5", "https://europe-west4-npm.pkg.dev/lovable-core-prod/sandbox-npm-cache/@sapphire/snowflake/-/snowflake-3.5.5.tgz", {}, "sha512-xzvBr1Q1c4lCe7i6sRnrofxeO1QTP/LKQ6A6qy0iB4x5yfiSfARMEQEghojzTNALDTcv8En04qYNIco9/K9eZQ=="],

    "@discordjs/ws/@discordjs/collection": ["@discordjs/collection@2.1.1", "https://europe-west4-npm.pkg.dev/lovable-core-prod/sandbox-npm-cache/@discordjs/collection/-/collection-2.1.1.tgz", {}, "sha512-LiSusze9Tc7qF03sLCujF5iZp7K+vRNEDBZ86FT9aQAv3vxMLihUvKvpsCWiQ2DJq1tVckopKm1rxomgNUc9hg=="],
  }
}
